
Microsoft Visual Studio Solution File, Format Version 12.00
# Visual Studio 14
VisualStudioVersion = 14.0.25420.1
MinimumVisualStudioVersion = 10.0.40219.1
Project("{FAE04EC0-301F-11D3-BF4B-00C04F79EFBC}") = "Rabscuttle", "Rabscuttle\Rabscuttle.csproj", "{718159E3-8A0B-41B8-ABDB-B35C43538697}"
EndProject
Project("{FAE04EC0-301F-11D3-BF4B-00C04F79EFBC}") = "RabscuttleTests", "RabscuttleTests\RabscuttleTests.csproj", "{5514EDFC-6D25-4812-B487-4D6C9B596626}"
EndProject
Project("{FAE04EC0-301F-11D3-BF4B-00C04F79EFBC}") = "ExamplePlugin", "ExamplePlugin\ExamplePlugin.csproj", "{14606E2E-A5B9-49BE-9211-05DB99684B0C}"
EndProject
Project("{FAE04EC0-301F-11D3-BF4B-00C04F79EFBC}") = "FuckPlugin", "FuckPlugin\FuckPlugin.csproj", "{BE80ABA2-0B3D-41AB-8165-569B6C4CA251}"
EndProject
Project("{FAE04EC0-301F-11D3-BF4B-00C04F79EFBC}") = "RawPlugin", "RawPlugin\RawPlugin.csproj", "{7DDF18EB-CFAE-4C37-A81E-57B3EF8E6A59}"
EndProject
Global
	GlobalSection(SolutionConfigurationPlatforms) = preSolution
		Debug|Any CPU = Debug|Any CPU
		Release|Any CPU = Release|Any CPU
	EndGlobalSection
	GlobalSection(ProjectConfigurationPlatforms) = postSolution
		{718159E3-8A0B-41B8-ABDB-B35C43538697}.Debug|Any CPU.ActiveCfg = Debug|Any CPU
		{718159E3-8A0B-41B8-ABDB-B35C43538697}.Debug|Any CPU.Build.0 = Debug|Any CPU
		{718159E3-8A0B-41B8-ABDB-B35C43538697}.Release|Any CPU.ActiveCfg = Release|Any CPU
		{718159E3-8A0B-41B8-ABDB-B35C43538697}.Release|Any CPU.Build.0 = Release|Any CPU
		{5514EDFC-6D25-4812-B487-4D6C9B596626}.Debug|Any CPU.ActiveCfg = Debug|Any CPU
		{5514EDFC-6D25-4812-B487-4D6C9B596626}.Debug|Any CPU.Build.0 = Debug|Any CPU
		{5514EDFC-6D25-4812-B487-4D6C9B596626}.Release|Any CPU.ActiveCfg = Release|Any CPU
		{5514EDFC-6D25-4812-B487-4D6C9B596626}.Release|Any CPU.Build.0 = Release|Any CPU
		{14606E2E-A5B9-49BE-9211-05DB99684B0C}.Debug|Any CPU.ActiveCfg = Debug|Any CPU
		{14606E2E-A5B9-49BE-9211-05DB99684B0C}.Debug|Any CPU.Build.0 = Debug|Any CPU
		{14606E2E-A5B9-49BE-9211-05DB99684B0C}.Release|Any CPU.ActiveCfg = Release|Any CPU
		{14606E2E-A5B9-49BE-9211-05DB99684B0C}.Release|Any CPU.Build.0 = Release|Any CPU
		{BE80ABA2-0B3D-41AB-8165-569B6C4CA251}.Debug|Any CPU.ActiveCfg = Debug|Any CPU
		{BE80ABA2-0B3D-41AB-8165-569B6C4CA251}.Debug|Any CPU.Build.0 = Debug|Any CPU
		{BE80ABA2-0B3D-41AB-8165-569B6C4CA251}.Release|Any CPU.ActiveCfg = Release|Any CPU
		{BE80ABA2-0B3D-41AB-8165-569B6C4CA251}.Release|Any CPU.Build.0 = Release|Any CPU
		{7DDF18EB-CFAE-4C37-A81E-57B3EF8E6A59}.Debug|Any CPU.ActiveCfg = Debug|Any CPU
		{7DDF18EB-CFAE-4C37-A81E-57B3EF8E6A59}.Debug|Any CPU.Build.0 = Debug|Any CPU
		{7DDF18EB-CFAE-4C37-A81E-57B3EF8E6A59}.Release|Any CPU.ActiveCfg = Release|Any CPU
		{7DDF18EB-CFAE-4C37-A81E-57B3EF8E6A59}.Release|Any CPU.Build.0 = Release|Any CPU
	EndGlobalSection
	GlobalSection(SolutionProperties) = preSolution
		HideSolutionNode = FALSE
	EndGlobalSection
EndGlobal
