
Microsoft Visual Studio Solution File, Format Version 12.00
# Visual Studio 14
VisualStudioVersion = 14.0.25420.1
MinimumVisualStudioVersion = 10.0.40219.1
Project("{FAE04EC0-301F-11D3-BF4B-00C04F79EFBC}") = "Rabscuttle", "Rabscuttle\Rabscuttle.csproj", "{718159E3-8A0B-41B8-ABDB-B35C43538697}"
EndProject
Project("{FAE04EC0-301F-11D3-BF4B-00C04F79EFBC}") = "RabscuttleTests", "RabscuttleTests\RabscuttleTests.csproj", "{5514EDFC-6D25-4812-B487-4D6C9B596626}"
EndProject
Project("{2150E333-8FDC-42A3-9474-1A3956D46DE8}") = "Plugins", "Plugins", "{3134E00A-4FD7-426D-8C8B-6F34653F603D}"
EndProject
Project("{FAE04EC0-301F-11D3-BF4B-00C04F79EFBC}") = "ExamplePlugin", "Plugins\ExamplePlugin\ExamplePlugin.csproj", "{14606E2E-A5B9-49BE-9211-05DB99684B0C}"
EndProject
Project("{FAE04EC0-301F-11D3-BF4B-00C04F79EFBC}") = "FuckPlugin", "Plugins\FuckPlugin\FuckPlugin.csproj", "{BE80ABA2-0B3D-41AB-8165-569B6C4CA251}"
EndProject
Project("{FAE04EC0-301F-11D3-BF4B-00C04F79EFBC}") = "KarmaPlugin", "Plugins\KarmaPlugin\KarmaPlugin.csproj", "{4FC2252B-4E85-42BE-B56C-5E7B646937AC}"
EndProject
Project("{FAE04EC0-301F-11D3-BF4B-00C04F79EFBC}") = "GithubUpdatedPlugin", "Plugins\GithubUpdatedPlugin\GithubUpdatedPlugin.csproj", "{1A8773ED-230E-444C-B559-304269D30EAD}"
EndProject
Project("{FAE04EC0-301F-11D3-BF4B-00C04F79EFBC}") = "CoreFunctions", "Plugins\CoreFunctions\CoreFunctions.csproj", "{1537E9BA-203B-4F73-A436-A09E0E846298}"
EndProject
Project("{FAE04EC0-301F-11D3-BF4B-00C04F79EFBC}") = "QuotePlugin", "Plugins\QuotePlugin\QuotePlugin.csproj", "{3554AEEC-2E6C-403C-9C1F-FF9B9613CA07}"
EndProject
Project("{FAE04EC0-301F-11D3-BF4B-00C04F79EFBC}") = "TheInternationalTrackerPlugin", "Plugins\TheInternationalTrackerPlugin\TheInternationalTrackerPlugin.csproj", "{F09ED980-1C2E-4F91-AA85-E338FC2E682E}"
EndProject
Project("{FAE04EC0-301F-11D3-BF4B-00C04F79EFBC}") = "ModdotaAnnouncerPlugin", "Plugins\ModdotaAnnouncerPlugin\ModdotaAnnouncerPlugin.csproj", "{36D0DAA2-14FB-4C46-9CDF-9F0193AC6FE3}"
EndProject
Project("{FAE04EC0-301F-11D3-BF4B-00C04F79EFBC}") = "StarCitizenPlugin", "Plugins\StarCitizenPlugin\StarCitizenPlugin.csproj", "{A19F27E6-FE61-4274-9CD4-EF4A617A284E}"
EndProject
Project("{FAE04EC0-301F-11D3-BF4B-00C04F79EFBC}") = "SteamPlugins", "Plugins\SteamPlugins\SteamPlugins.csproj", "{A106696B-3E04-4587-8B63-942CA9E2E5F1}"
EndProject
Project("{2150E333-8FDC-42A3-9474-1A3956D46DE8}") = "Assets", "Assets", "{10E7631D-A479-4037-B750-9C81F54CFA47}"
EndProject
Global
	GlobalSection(SolutionConfigurationPlatforms) = preSolution
		Debug|Any CPU = Debug|Any CPU
		Debug|x64 = Debug|x64
		Release|Any CPU = Release|Any CPU
		Release|x64 = Release|x64
	EndGlobalSection
	GlobalSection(ProjectConfigurationPlatforms) = postSolution
		{718159E3-8A0B-41B8-ABDB-B35C43538697}.Debug|Any CPU.ActiveCfg = Debug|Any CPU
		{718159E3-8A0B-41B8-ABDB-B35C43538697}.Debug|Any CPU.Build.0 = Debug|Any CPU
		{718159E3-8A0B-41B8-ABDB-B35C43538697}.Debug|x64.ActiveCfg = Debug|x64
		{718159E3-8A0B-41B8-ABDB-B35C43538697}.Debug|x64.Build.0 = Debug|x64
		{718159E3-8A0B-41B8-ABDB-B35C43538697}.Release|Any CPU.ActiveCfg = Release|Any CPU
		{718159E3-8A0B-41B8-ABDB-B35C43538697}.Release|Any CPU.Build.0 = Release|Any CPU
		{718159E3-8A0B-41B8-ABDB-B35C43538697}.Release|x64.ActiveCfg = Release|x64
		{718159E3-8A0B-41B8-ABDB-B35C43538697}.Release|x64.Build.0 = Release|x64
		{5514EDFC-6D25-4812-B487-4D6C9B596626}.Debug|Any CPU.ActiveCfg = Debug|Any CPU
		{5514EDFC-6D25-4812-B487-4D6C9B596626}.Debug|Any CPU.Build.0 = Debug|Any CPU
		{5514EDFC-6D25-4812-B487-4D6C9B596626}.Debug|x64.ActiveCfg = Debug|x64
		{5514EDFC-6D25-4812-B487-4D6C9B596626}.Debug|x64.Build.0 = Debug|x64
		{5514EDFC-6D25-4812-B487-4D6C9B596626}.Release|Any CPU.ActiveCfg = Release|Any CPU
		{5514EDFC-6D25-4812-B487-4D6C9B596626}.Release|Any CPU.Build.0 = Release|Any CPU
		{5514EDFC-6D25-4812-B487-4D6C9B596626}.Release|x64.ActiveCfg = Release|x64
		{5514EDFC-6D25-4812-B487-4D6C9B596626}.Release|x64.Build.0 = Release|x64
		{14606E2E-A5B9-49BE-9211-05DB99684B0C}.Debug|Any CPU.ActiveCfg = Debug|Any CPU
		{14606E2E-A5B9-49BE-9211-05DB99684B0C}.Debug|Any CPU.Build.0 = Debug|Any CPU
		{14606E2E-A5B9-49BE-9211-05DB99684B0C}.Debug|x64.ActiveCfg = Debug|x64
		{14606E2E-A5B9-49BE-9211-05DB99684B0C}.Debug|x64.Build.0 = Debug|x64
		{14606E2E-A5B9-49BE-9211-05DB99684B0C}.Release|Any CPU.ActiveCfg = Release|Any CPU
		{14606E2E-A5B9-49BE-9211-05DB99684B0C}.Release|Any CPU.Build.0 = Release|Any CPU
		{14606E2E-A5B9-49BE-9211-05DB99684B0C}.Release|x64.ActiveCfg = Release|x64
		{14606E2E-A5B9-49BE-9211-05DB99684B0C}.Release|x64.Build.0 = Release|x64
		{BE80ABA2-0B3D-41AB-8165-569B6C4CA251}.Debug|Any CPU.ActiveCfg = Debug|Any CPU
		{BE80ABA2-0B3D-41AB-8165-569B6C4CA251}.Debug|Any CPU.Build.0 = Debug|Any CPU
		{BE80ABA2-0B3D-41AB-8165-569B6C4CA251}.Debug|x64.ActiveCfg = Debug|x64
		{BE80ABA2-0B3D-41AB-8165-569B6C4CA251}.Debug|x64.Build.0 = Debug|x64
		{BE80ABA2-0B3D-41AB-8165-569B6C4CA251}.Release|Any CPU.ActiveCfg = Release|Any CPU
		{BE80ABA2-0B3D-41AB-8165-569B6C4CA251}.Release|Any CPU.Build.0 = Release|Any CPU
		{BE80ABA2-0B3D-41AB-8165-569B6C4CA251}.Release|x64.ActiveCfg = Release|x64
		{BE80ABA2-0B3D-41AB-8165-569B6C4CA251}.Release|x64.Build.0 = Release|x64
		{4FC2252B-4E85-42BE-B56C-5E7B646937AC}.Debug|Any CPU.ActiveCfg = Debug|Any CPU
		{4FC2252B-4E85-42BE-B56C-5E7B646937AC}.Debug|Any CPU.Build.0 = Debug|Any CPU
		{4FC2252B-4E85-42BE-B56C-5E7B646937AC}.Debug|x64.ActiveCfg = Debug|Any CPU
		{4FC2252B-4E85-42BE-B56C-5E7B646937AC}.Debug|x64.Build.0 = Debug|Any CPU
		{4FC2252B-4E85-42BE-B56C-5E7B646937AC}.Release|Any CPU.ActiveCfg = Release|Any CPU
		{4FC2252B-4E85-42BE-B56C-5E7B646937AC}.Release|Any CPU.Build.0 = Release|Any CPU
		{4FC2252B-4E85-42BE-B56C-5E7B646937AC}.Release|x64.ActiveCfg = Release|Any CPU
		{4FC2252B-4E85-42BE-B56C-5E7B646937AC}.Release|x64.Build.0 = Release|Any CPU
		{1A8773ED-230E-444C-B559-304269D30EAD}.Debug|Any CPU.ActiveCfg = Debug|Any CPU
		{1A8773ED-230E-444C-B559-304269D30EAD}.Debug|Any CPU.Build.0 = Debug|Any CPU
		{1A8773ED-230E-444C-B559-304269D30EAD}.Debug|x64.ActiveCfg = Debug|Any CPU
		{1A8773ED-230E-444C-B559-304269D30EAD}.Debug|x64.Build.0 = Debug|Any CPU
		{1A8773ED-230E-444C-B559-304269D30EAD}.Release|Any CPU.ActiveCfg = Release|Any CPU
		{1A8773ED-230E-444C-B559-304269D30EAD}.Release|Any CPU.Build.0 = Release|Any CPU
		{1A8773ED-230E-444C-B559-304269D30EAD}.Release|x64.ActiveCfg = Release|Any CPU
		{1A8773ED-230E-444C-B559-304269D30EAD}.Release|x64.Build.0 = Release|Any CPU
		{1537E9BA-203B-4F73-A436-A09E0E846298}.Debug|Any CPU.ActiveCfg = Debug|Any CPU
		{1537E9BA-203B-4F73-A436-A09E0E846298}.Debug|Any CPU.Build.0 = Debug|Any CPU
		{1537E9BA-203B-4F73-A436-A09E0E846298}.Debug|x64.ActiveCfg = Debug|Any CPU
		{1537E9BA-203B-4F73-A436-A09E0E846298}.Debug|x64.Build.0 = Debug|Any CPU
		{1537E9BA-203B-4F73-A436-A09E0E846298}.Release|Any CPU.ActiveCfg = Release|Any CPU
		{1537E9BA-203B-4F73-A436-A09E0E846298}.Release|Any CPU.Build.0 = Release|Any CPU
		{1537E9BA-203B-4F73-A436-A09E0E846298}.Release|x64.ActiveCfg = Release|Any CPU
		{1537E9BA-203B-4F73-A436-A09E0E846298}.Release|x64.Build.0 = Release|Any CPU
		{3554AEEC-2E6C-403C-9C1F-FF9B9613CA07}.Debug|Any CPU.ActiveCfg = Debug|Any CPU
		{3554AEEC-2E6C-403C-9C1F-FF9B9613CA07}.Debug|Any CPU.Build.0 = Debug|Any CPU
		{3554AEEC-2E6C-403C-9C1F-FF9B9613CA07}.Debug|x64.ActiveCfg = Debug|Any CPU
		{3554AEEC-2E6C-403C-9C1F-FF9B9613CA07}.Debug|x64.Build.0 = Debug|Any CPU
		{3554AEEC-2E6C-403C-9C1F-FF9B9613CA07}.Release|Any CPU.ActiveCfg = Release|Any CPU
		{3554AEEC-2E6C-403C-9C1F-FF9B9613CA07}.Release|Any CPU.Build.0 = Release|Any CPU
		{3554AEEC-2E6C-403C-9C1F-FF9B9613CA07}.Release|x64.ActiveCfg = Release|Any CPU
		{3554AEEC-2E6C-403C-9C1F-FF9B9613CA07}.Release|x64.Build.0 = Release|Any CPU
		{F09ED980-1C2E-4F91-AA85-E338FC2E682E}.Debug|Any CPU.ActiveCfg = Debug|Any CPU
		{F09ED980-1C2E-4F91-AA85-E338FC2E682E}.Debug|Any CPU.Build.0 = Debug|Any CPU
		{F09ED980-1C2E-4F91-AA85-E338FC2E682E}.Debug|x64.ActiveCfg = Debug|Any CPU
		{F09ED980-1C2E-4F91-AA85-E338FC2E682E}.Debug|x64.Build.0 = Debug|Any CPU
		{F09ED980-1C2E-4F91-AA85-E338FC2E682E}.Release|Any CPU.ActiveCfg = Release|Any CPU
		{F09ED980-1C2E-4F91-AA85-E338FC2E682E}.Release|Any CPU.Build.0 = Release|Any CPU
		{F09ED980-1C2E-4F91-AA85-E338FC2E682E}.Release|x64.ActiveCfg = Release|Any CPU
		{F09ED980-1C2E-4F91-AA85-E338FC2E682E}.Release|x64.Build.0 = Release|Any CPU
		{36D0DAA2-14FB-4C46-9CDF-9F0193AC6FE3}.Debug|Any CPU.ActiveCfg = Debug|Any CPU
		{36D0DAA2-14FB-4C46-9CDF-9F0193AC6FE3}.Debug|Any CPU.Build.0 = Debug|Any CPU
		{36D0DAA2-14FB-4C46-9CDF-9F0193AC6FE3}.Debug|x64.ActiveCfg = Debug|Any CPU
		{36D0DAA2-14FB-4C46-9CDF-9F0193AC6FE3}.Debug|x64.Build.0 = Debug|Any CPU
		{36D0DAA2-14FB-4C46-9CDF-9F0193AC6FE3}.Release|Any CPU.ActiveCfg = Release|Any CPU
		{36D0DAA2-14FB-4C46-9CDF-9F0193AC6FE3}.Release|Any CPU.Build.0 = Release|Any CPU
		{36D0DAA2-14FB-4C46-9CDF-9F0193AC6FE3}.Release|x64.ActiveCfg = Release|Any CPU
		{36D0DAA2-14FB-4C46-9CDF-9F0193AC6FE3}.Release|x64.Build.0 = Release|Any CPU
		{A19F27E6-FE61-4274-9CD4-EF4A617A284E}.Debug|Any CPU.ActiveCfg = Debug|Any CPU
		{A19F27E6-FE61-4274-9CD4-EF4A617A284E}.Debug|Any CPU.Build.0 = Debug|Any CPU
		{A19F27E6-FE61-4274-9CD4-EF4A617A284E}.Debug|x64.ActiveCfg = Debug|Any CPU
		{A19F27E6-FE61-4274-9CD4-EF4A617A284E}.Debug|x64.Build.0 = Debug|Any CPU
		{A19F27E6-FE61-4274-9CD4-EF4A617A284E}.Release|Any CPU.ActiveCfg = Release|Any CPU
		{A19F27E6-FE61-4274-9CD4-EF4A617A284E}.Release|Any CPU.Build.0 = Release|Any CPU
		{A19F27E6-FE61-4274-9CD4-EF4A617A284E}.Release|x64.ActiveCfg = Release|Any CPU
		{A19F27E6-FE61-4274-9CD4-EF4A617A284E}.Release|x64.Build.0 = Release|Any CPU
		{A106696B-3E04-4587-8B63-942CA9E2E5F1}.Debug|Any CPU.ActiveCfg = Debug|Any CPU
		{A106696B-3E04-4587-8B63-942CA9E2E5F1}.Debug|Any CPU.Build.0 = Debug|Any CPU
		{A106696B-3E04-4587-8B63-942CA9E2E5F1}.Debug|x64.ActiveCfg = Debug|Any CPU
		{A106696B-3E04-4587-8B63-942CA9E2E5F1}.Debug|x64.Build.0 = Debug|Any CPU
		{A106696B-3E04-4587-8B63-942CA9E2E5F1}.Release|Any CPU.ActiveCfg = Release|Any CPU
		{A106696B-3E04-4587-8B63-942CA9E2E5F1}.Release|Any CPU.Build.0 = Release|Any CPU
		{A106696B-3E04-4587-8B63-942CA9E2E5F1}.Release|x64.ActiveCfg = Release|Any CPU
		{A106696B-3E04-4587-8B63-942CA9E2E5F1}.Release|x64.Build.0 = Release|Any CPU
	EndGlobalSection
	GlobalSection(SolutionProperties) = preSolution
		HideSolutionNode = FALSE
	EndGlobalSection
	GlobalSection(NestedProjects) = preSolution
		{14606E2E-A5B9-49BE-9211-05DB99684B0C} = {3134E00A-4FD7-426D-8C8B-6F34653F603D}
		{BE80ABA2-0B3D-41AB-8165-569B6C4CA251} = {3134E00A-4FD7-426D-8C8B-6F34653F603D}
		{4FC2252B-4E85-42BE-B56C-5E7B646937AC} = {3134E00A-4FD7-426D-8C8B-6F34653F603D}
		{1A8773ED-230E-444C-B559-304269D30EAD} = {3134E00A-4FD7-426D-8C8B-6F34653F603D}
		{1537E9BA-203B-4F73-A436-A09E0E846298} = {3134E00A-4FD7-426D-8C8B-6F34653F603D}
		{3554AEEC-2E6C-403C-9C1F-FF9B9613CA07} = {3134E00A-4FD7-426D-8C8B-6F34653F603D}
		{F09ED980-1C2E-4F91-AA85-E338FC2E682E} = {3134E00A-4FD7-426D-8C8B-6F34653F603D}
		{36D0DAA2-14FB-4C46-9CDF-9F0193AC6FE3} = {3134E00A-4FD7-426D-8C8B-6F34653F603D}
		{A19F27E6-FE61-4274-9CD4-EF4A617A284E} = {3134E00A-4FD7-426D-8C8B-6F34653F603D}
		{A106696B-3E04-4587-8B63-942CA9E2E5F1} = {3134E00A-4FD7-426D-8C8B-6F34653F603D}
		{10E7631D-A479-4037-B750-9C81F54CFA47} = {3134E00A-4FD7-426D-8C8B-6F34653F603D}
	EndGlobalSection
EndGlobal
